
Microsoft Visual Studio Solution File, Format Version 12.00
# Visual Studio 15
VisualStudioVersion = 15.0.28307.421
MinimumVisualStudioVersion = 10.0.40219.1
Project("{FAE04EC0-301F-11D3-BF4B-00C04F79EFBC}") = "DataBaseDemo.API", "DataBaseDemo.API\DataBaseDemo.API.csproj", "{37040F6A-59EE-4C58-8071-4305B7A556F8}"
EndProject
Project("{FAE04EC0-301F-11D3-BF4B-00C04F79EFBC}") = "DataBaseDemo.Model", "DataBaseDemo.Model\DataBaseDemo.Model.csproj", "{0769FC1C-D172-479E-A0FC-53CFD5EFB36C}"
EndProject
Project("{FAE04EC0-301F-11D3-BF4B-00C04F79EFBC}") = "DataBaseDemo.Graph", "DataBaseDemo.Graph\DataBaseDemo.Graph.csproj", "{7C7F70DA-FE06-4832-A251-09F011E585F4}"
EndProject
Project("{FAE04EC0-301F-11D3-BF4B-00C04F79EFBC}") = "DataBaseDemo.Services", "DataBaseDemo.Services\DataBaseDemo.Services.csproj", "{8CE403C1-CB39-4630-B5BC-8E1FF303D890}"
EndProject
Global
	GlobalSection(SolutionConfigurationPlatforms) = preSolution
		Debug|Any CPU = Debug|Any CPU
		Release|Any CPU = Release|Any CPU
	EndGlobalSection
	GlobalSection(ProjectConfigurationPlatforms) = postSolution
		{37040F6A-59EE-4C58-8071-4305B7A556F8}.Debug|Any CPU.ActiveCfg = Debug|Any CPU
		{37040F6A-59EE-4C58-8071-4305B7A556F8}.Debug|Any CPU.Build.0 = Debug|Any CPU
		{37040F6A-59EE-4C58-8071-4305B7A556F8}.Release|Any CPU.ActiveCfg = Release|Any CPU
		{37040F6A-59EE-4C58-8071-4305B7A556F8}.Release|Any CPU.Build.0 = Release|Any CPU
		{0769FC1C-D172-479E-A0FC-53CFD5EFB36C}.Debug|Any CPU.ActiveCfg = Debug|Any CPU
		{0769FC1C-D172-479E-A0FC-53CFD5EFB36C}.Debug|Any CPU.Build.0 = Debug|Any CPU
		{0769FC1C-D172-479E-A0FC-53CFD5EFB36C}.Release|Any CPU.ActiveCfg = Release|Any CPU
		{0769FC1C-D172-479E-A0FC-53CFD5EFB36C}.Release|Any CPU.Build.0 = Release|Any CPU
		{7C7F70DA-FE06-4832-A251-09F011E585F4}.Debug|Any CPU.ActiveCfg = Debug|Any CPU
		{7C7F70DA-FE06-4832-A251-09F011E585F4}.Debug|Any CPU.Build.0 = Debug|Any CPU
		{7C7F70DA-FE06-4832-A251-09F011E585F4}.Release|Any CPU.ActiveCfg = Release|Any CPU
		{7C7F70DA-FE06-4832-A251-09F011E585F4}.Release|Any CPU.Build.0 = Release|Any CPU
		{8CE403C1-CB39-4630-B5BC-8E1FF303D890}.Debug|Any CPU.ActiveCfg = Debug|Any CPU
		{8CE403C1-CB39-4630-B5BC-8E1FF303D890}.Debug|Any CPU.Build.0 = Debug|Any CPU
		{8CE403C1-CB39-4630-B5BC-8E1FF303D890}.Release|Any CPU.ActiveCfg = Release|Any CPU
		{8CE403C1-CB39-4630-B5BC-8E1FF303D890}.Release|Any CPU.Build.0 = Release|Any CPU
	EndGlobalSection
	GlobalSection(SolutionProperties) = preSolution
		HideSolutionNode = FALSE
	EndGlobalSection
	GlobalSection(ExtensibilityGlobals) = postSolution
		SolutionGuid = {A847B8E7-BB48-4997-845E-42D6A6D46BE8}
	EndGlobalSection
EndGlobal
