
Microsoft Visual Studio Solution File, Format Version 12.00
# Visual Studio 15
VisualStudioVersion = 15.0.28307.421
MinimumVisualStudioVersion = 10.0.40219.1
Project("{9A19103F-16F7-4668-BE54-9A1E7A4F7556}") = "TPH", "TPH\TPH.csproj", "{2AA470CA-24BF-43C7-9208-CAF3A801E913}"
EndProject
Project("{FAE04EC0-301F-11D3-BF4B-00C04F79EFBC}") = "TPT", "TPT\TPT.csproj", "{90E14BF1-41A0-43BD-BA98-A6C60F513BFB}"
EndProject
Global
	GlobalSection(SolutionConfigurationPlatforms) = preSolution
		Debug|Any CPU = Debug|Any CPU
		Release|Any CPU = Release|Any CPU
	EndGlobalSection
	GlobalSection(ProjectConfigurationPlatforms) = postSolution
		{2AA470CA-24BF-43C7-9208-CAF3A801E913}.Debug|Any CPU.ActiveCfg = Debug|Any CPU
		{2AA470CA-24BF-43C7-9208-CAF3A801E913}.Debug|Any CPU.Build.0 = Debug|Any CPU
		{2AA470CA-24BF-43C7-9208-CAF3A801E913}.Release|Any CPU.ActiveCfg = Release|Any CPU
		{2AA470CA-24BF-43C7-9208-CAF3A801E913}.Release|Any CPU.Build.0 = Release|Any CPU
		{90E14BF1-41A0-43BD-BA98-A6C60F513BFB}.Debug|Any CPU.ActiveCfg = Debug|Any CPU
		{90E14BF1-41A0-43BD-BA98-A6C60F513BFB}.Debug|Any CPU.Build.0 = Debug|Any CPU
		{90E14BF1-41A0-43BD-BA98-A6C60F513BFB}.Release|Any CPU.ActiveCfg = Release|Any CPU
		{90E14BF1-41A0-43BD-BA98-A6C60F513BFB}.Release|Any CPU.Build.0 = Release|Any CPU
	EndGlobalSection
	GlobalSection(SolutionProperties) = preSolution
		HideSolutionNode = FALSE
	EndGlobalSection
	GlobalSection(ExtensibilityGlobals) = postSolution
		SolutionGuid = {1FB363F8-8C73-40B0-BF9B-E3695F9A29C7}
	EndGlobalSection
EndGlobal
