
Microsoft Visual Studio Solution File, Format Version 12.00
# Visual Studio 15
VisualStudioVersion = 15.0.28307.421
MinimumVisualStudioVersion = 10.0.40219.1
Project("{FAE04EC0-301F-11D3-BF4B-00C04F79EFBC}") = "TableDataGateway", "TableDataGateway\TableDataGateway.csproj", "{B0CB3845-97F0-4049-BDC8-985171ED1985}"
EndProject
Project("{FAE04EC0-301F-11D3-BF4B-00C04F79EFBC}") = "Console", "Console\Console.csproj", "{EC5097D8-AB1B-4F8B-90EA-B74E15935397}"
EndProject
Project("{FAE04EC0-301F-11D3-BF4B-00C04F79EFBC}") = "RowDataGateway", "RowDataGateway\RowDataGateway.csproj", "{592220B8-F5E9-446B-8ACB-261AEC3705A3}"
EndProject
Project("{FAE04EC0-301F-11D3-BF4B-00C04F79EFBC}") = "ActiveRecord", "ActiveRecord\ActiveRecord.csproj", "{553EB54F-D830-4E05-8AD9-351F8C296A0E}"
EndProject
Project("{FAE04EC0-301F-11D3-BF4B-00C04F79EFBC}") = "DataMapper", "DataMapper\DataMapper.csproj", "{6BD85A8D-F45E-4AA5-A978-B2AFEC08FA00}"
EndProject
Global
	GlobalSection(SolutionConfigurationPlatforms) = preSolution
		Debug|Any CPU = Debug|Any CPU
		Release|Any CPU = Release|Any CPU
	EndGlobalSection
	GlobalSection(ProjectConfigurationPlatforms) = postSolution
		{B0CB3845-97F0-4049-BDC8-985171ED1985}.Debug|Any CPU.ActiveCfg = Debug|Any CPU
		{B0CB3845-97F0-4049-BDC8-985171ED1985}.Debug|Any CPU.Build.0 = Debug|Any CPU
		{B0CB3845-97F0-4049-BDC8-985171ED1985}.Release|Any CPU.ActiveCfg = Release|Any CPU
		{B0CB3845-97F0-4049-BDC8-985171ED1985}.Release|Any CPU.Build.0 = Release|Any CPU
		{EC5097D8-AB1B-4F8B-90EA-B74E15935397}.Debug|Any CPU.ActiveCfg = Debug|Any CPU
		{EC5097D8-AB1B-4F8B-90EA-B74E15935397}.Debug|Any CPU.Build.0 = Debug|Any CPU
		{EC5097D8-AB1B-4F8B-90EA-B74E15935397}.Release|Any CPU.ActiveCfg = Release|Any CPU
		{EC5097D8-AB1B-4F8B-90EA-B74E15935397}.Release|Any CPU.Build.0 = Release|Any CPU
		{592220B8-F5E9-446B-8ACB-261AEC3705A3}.Debug|Any CPU.ActiveCfg = Debug|Any CPU
		{592220B8-F5E9-446B-8ACB-261AEC3705A3}.Debug|Any CPU.Build.0 = Debug|Any CPU
		{592220B8-F5E9-446B-8ACB-261AEC3705A3}.Release|Any CPU.ActiveCfg = Release|Any CPU
		{592220B8-F5E9-446B-8ACB-261AEC3705A3}.Release|Any CPU.Build.0 = Release|Any CPU
		{553EB54F-D830-4E05-8AD9-351F8C296A0E}.Debug|Any CPU.ActiveCfg = Debug|Any CPU
		{553EB54F-D830-4E05-8AD9-351F8C296A0E}.Debug|Any CPU.Build.0 = Debug|Any CPU
		{553EB54F-D830-4E05-8AD9-351F8C296A0E}.Release|Any CPU.ActiveCfg = Release|Any CPU
		{553EB54F-D830-4E05-8AD9-351F8C296A0E}.Release|Any CPU.Build.0 = Release|Any CPU
		{6BD85A8D-F45E-4AA5-A978-B2AFEC08FA00}.Debug|Any CPU.ActiveCfg = Debug|Any CPU
		{6BD85A8D-F45E-4AA5-A978-B2AFEC08FA00}.Debug|Any CPU.Build.0 = Debug|Any CPU
		{6BD85A8D-F45E-4AA5-A978-B2AFEC08FA00}.Release|Any CPU.ActiveCfg = Release|Any CPU
		{6BD85A8D-F45E-4AA5-A978-B2AFEC08FA00}.Release|Any CPU.Build.0 = Release|Any CPU
	EndGlobalSection
	GlobalSection(SolutionProperties) = preSolution
		HideSolutionNode = FALSE
	EndGlobalSection
	GlobalSection(ExtensibilityGlobals) = postSolution
		SolutionGuid = {3437E68D-A9E6-44DE-860D-53DA0FF2C1D5}
	EndGlobalSection
EndGlobal
