
Microsoft Visual Studio Solution File, Format Version 12.00
# Visual Studio 15
VisualStudioVersion = 15.0.28307.421
MinimumVisualStudioVersion = 10.0.40219.1
Project("{9A19103F-16F7-4668-BE54-9A1E7A4F7556}") = "Helpers", "Helpers\Helpers.csproj", "{B71FCBD1-5678-43A9-AE1D-77CE70D3AFA8}"
EndProject
Project("{9A19103F-16F7-4668-BE54-9A1E7A4F7556}") = "Smart.Client", "Smart.Client\Smart.Client.csproj", "{8FEDB9D4-3AFD-4EB3-B933-4C4FCD993EFE}"
EndProject
Project("{9A19103F-16F7-4668-BE54-9A1E7A4F7556}") = "Smart.Classes", "Smart.Classes\Smart.Classes.csproj", "{EAF2D683-857B-45F0-99A6-5325D336AF0D}"
EndProject
Project("{9A19103F-16F7-4668-BE54-9A1E7A4F7556}") = "SmartMapper", "SmartMapper\SmartMapper.csproj", "{35FFBBFF-8E86-48AC-9D80-1338C0408D76}"
EndProject
Global
	GlobalSection(SolutionConfigurationPlatforms) = preSolution
		Debug|Any CPU = Debug|Any CPU
		Release|Any CPU = Release|Any CPU
	EndGlobalSection
	GlobalSection(ProjectConfigurationPlatforms) = postSolution
		{B71FCBD1-5678-43A9-AE1D-77CE70D3AFA8}.Debug|Any CPU.ActiveCfg = Debug|Any CPU
		{B71FCBD1-5678-43A9-AE1D-77CE70D3AFA8}.Debug|Any CPU.Build.0 = Debug|Any CPU
		{B71FCBD1-5678-43A9-AE1D-77CE70D3AFA8}.Release|Any CPU.ActiveCfg = Release|Any CPU
		{B71FCBD1-5678-43A9-AE1D-77CE70D3AFA8}.Release|Any CPU.Build.0 = Release|Any CPU
		{8FEDB9D4-3AFD-4EB3-B933-4C4FCD993EFE}.Debug|Any CPU.ActiveCfg = Debug|Any CPU
		{8FEDB9D4-3AFD-4EB3-B933-4C4FCD993EFE}.Debug|Any CPU.Build.0 = Debug|Any CPU
		{8FEDB9D4-3AFD-4EB3-B933-4C4FCD993EFE}.Release|Any CPU.ActiveCfg = Release|Any CPU
		{8FEDB9D4-3AFD-4EB3-B933-4C4FCD993EFE}.Release|Any CPU.Build.0 = Release|Any CPU
		{EAF2D683-857B-45F0-99A6-5325D336AF0D}.Debug|Any CPU.ActiveCfg = Debug|Any CPU
		{EAF2D683-857B-45F0-99A6-5325D336AF0D}.Debug|Any CPU.Build.0 = Debug|Any CPU
		{EAF2D683-857B-45F0-99A6-5325D336AF0D}.Release|Any CPU.ActiveCfg = Release|Any CPU
		{EAF2D683-857B-45F0-99A6-5325D336AF0D}.Release|Any CPU.Build.0 = Release|Any CPU
		{35FFBBFF-8E86-48AC-9D80-1338C0408D76}.Debug|Any CPU.ActiveCfg = Debug|Any CPU
		{35FFBBFF-8E86-48AC-9D80-1338C0408D76}.Debug|Any CPU.Build.0 = Debug|Any CPU
		{35FFBBFF-8E86-48AC-9D80-1338C0408D76}.Release|Any CPU.ActiveCfg = Release|Any CPU
		{35FFBBFF-8E86-48AC-9D80-1338C0408D76}.Release|Any CPU.Build.0 = Release|Any CPU
	EndGlobalSection
	GlobalSection(SolutionProperties) = preSolution
		HideSolutionNode = FALSE
	EndGlobalSection
	GlobalSection(ExtensibilityGlobals) = postSolution
		SolutionGuid = {227134B2-FF99-4B26-A99D-2102E71B1351}
	EndGlobalSection
EndGlobal
